
Microsoft Visual Studio Solution File, Format Version 12.00
# Visual Studio Version 16
VisualStudioVersion = 16.0.30309.148
MinimumVisualStudioVersion = 10.0.40219.1
Project("{9A19103F-16F7-4668-BE54-9A1E7A4F7556}") = "Soccer.Common", "Soccer.Common\Soccer.Common.csproj", "{AF1E3BD5-4DC6-40CB-B46B-7AFF92132AFF}"
EndProject
Project("{9A19103F-16F7-4668-BE54-9A1E7A4F7556}") = "Soccer.Web", "Soccer.Web\Soccer.Web.csproj", "{89D424D9-20F2-4356-AD42-7156E837455D}"
EndProject
Project("{9A19103F-16F7-4668-BE54-9A1E7A4F7556}") = "Soccer.Prism", "Soccer.Prism\Soccer.Prism\Soccer.Prism.csproj", "{CA7CE05A-2C40-488E-87F4-0B795D92934A}"
EndProject
Project("{FAE04EC0-301F-11D3-BF4B-00C04F79EFBC}") = "Soccer.Prism.Android", "Soccer.Prism\Soccer.Prism.Android\Soccer.Prism.Android.csproj", "{21A022AA-906E-410C-AA01-5DF843FF404D}"
EndProject
Project("{FAE04EC0-301F-11D3-BF4B-00C04F79EFBC}") = "Soccer.Prism.iOS", "Soccer.Prism\Soccer.Prism.iOS\Soccer.Prism.iOS.csproj", "{A3D1ED23-9768-47DD-AFCF-CF9E980F376B}"
EndProject
Project("{FAE04EC0-301F-11D3-BF4B-00C04F79EFBC}") = "Soccer.Cross.Android", "Soccer.Cross.Android\Soccer.Cross.Android.csproj", "{913F59BC-F4AD-43B0-BAB9-FB994F6C02DE}"
EndProject
Project("{FAE04EC0-301F-11D3-BF4B-00C04F79EFBC}") = "Soccer.Cross.iOS", "Soccer.Cross.iOS\Soccer.Cross.iOS.csproj", "{A3A45688-8E3B-4CF3-86D9-2790CEE97C42}"
EndProject
Global
	GlobalSection(SolutionConfigurationPlatforms) = preSolution
		Ad-Hoc|Any CPU = Ad-Hoc|Any CPU
		Ad-Hoc|iPhone = Ad-Hoc|iPhone
		Ad-Hoc|iPhoneSimulator = Ad-Hoc|iPhoneSimulator
		AppStore|Any CPU = AppStore|Any CPU
		AppStore|iPhone = AppStore|iPhone
		AppStore|iPhoneSimulator = AppStore|iPhoneSimulator
		Debug|Any CPU = Debug|Any CPU
		Debug|iPhone = Debug|iPhone
		Debug|iPhoneSimulator = Debug|iPhoneSimulator
		Release|Any CPU = Release|Any CPU
		Release|iPhone = Release|iPhone
		Release|iPhoneSimulator = Release|iPhoneSimulator
	EndGlobalSection
	GlobalSection(ProjectConfigurationPlatforms) = postSolution
		{AF1E3BD5-4DC6-40CB-B46B-7AFF92132AFF}.Ad-Hoc|Any CPU.ActiveCfg = Release|Any CPU
		{AF1E3BD5-4DC6-40CB-B46B-7AFF92132AFF}.Ad-Hoc|Any CPU.Build.0 = Release|Any CPU
		{AF1E3BD5-4DC6-40CB-B46B-7AFF92132AFF}.Ad-Hoc|iPhone.ActiveCfg = Release|Any CPU
		{AF1E3BD5-4DC6-40CB-B46B-7AFF92132AFF}.Ad-Hoc|iPhone.Build.0 = Release|Any CPU
		{AF1E3BD5-4DC6-40CB-B46B-7AFF92132AFF}.Ad-Hoc|iPhoneSimulator.ActiveCfg = Release|Any CPU
		{AF1E3BD5-4DC6-40CB-B46B-7AFF92132AFF}.Ad-Hoc|iPhoneSimulator.Build.0 = Release|Any CPU
		{AF1E3BD5-4DC6-40CB-B46B-7AFF92132AFF}.AppStore|Any CPU.ActiveCfg = Release|Any CPU
		{AF1E3BD5-4DC6-40CB-B46B-7AFF92132AFF}.AppStore|Any CPU.Build.0 = Release|Any CPU
		{AF1E3BD5-4DC6-40CB-B46B-7AFF92132AFF}.AppStore|iPhone.ActiveCfg = Release|Any CPU
		{AF1E3BD5-4DC6-40CB-B46B-7AFF92132AFF}.AppStore|iPhone.Build.0 = Release|Any CPU
		{AF1E3BD5-4DC6-40CB-B46B-7AFF92132AFF}.AppStore|iPhoneSimulator.ActiveCfg = Release|Any CPU
		{AF1E3BD5-4DC6-40CB-B46B-7AFF92132AFF}.AppStore|iPhoneSimulator.Build.0 = Release|Any CPU
		{AF1E3BD5-4DC6-40CB-B46B-7AFF92132AFF}.Debug|Any CPU.ActiveCfg = Debug|Any CPU
		{AF1E3BD5-4DC6-40CB-B46B-7AFF92132AFF}.Debug|Any CPU.Build.0 = Debug|Any CPU
		{AF1E3BD5-4DC6-40CB-B46B-7AFF92132AFF}.Debug|iPhone.ActiveCfg = Debug|Any CPU
		{AF1E3BD5-4DC6-40CB-B46B-7AFF92132AFF}.Debug|iPhone.Build.0 = Debug|Any CPU
		{AF1E3BD5-4DC6-40CB-B46B-7AFF92132AFF}.Debug|iPhoneSimulator.ActiveCfg = Debug|Any CPU
		{AF1E3BD5-4DC6-40CB-B46B-7AFF92132AFF}.Debug|iPhoneSimulator.Build.0 = Debug|Any CPU
		{AF1E3BD5-4DC6-40CB-B46B-7AFF92132AFF}.Release|Any CPU.ActiveCfg = Release|Any CPU
		{AF1E3BD5-4DC6-40CB-B46B-7AFF92132AFF}.Release|Any CPU.Build.0 = Release|Any CPU
		{AF1E3BD5-4DC6-40CB-B46B-7AFF92132AFF}.Release|iPhone.ActiveCfg = Release|Any CPU
		{AF1E3BD5-4DC6-40CB-B46B-7AFF92132AFF}.Release|iPhone.Build.0 = Release|Any CPU
		{AF1E3BD5-4DC6-40CB-B46B-7AFF92132AFF}.Release|iPhoneSimulator.ActiveCfg = Release|Any CPU
		{AF1E3BD5-4DC6-40CB-B46B-7AFF92132AFF}.Release|iPhoneSimulator.Build.0 = Release|Any CPU
		{89D424D9-20F2-4356-AD42-7156E837455D}.Ad-Hoc|Any CPU.ActiveCfg = Release|Any CPU
		{89D424D9-20F2-4356-AD42-7156E837455D}.Ad-Hoc|Any CPU.Build.0 = Release|Any CPU
		{89D424D9-20F2-4356-AD42-7156E837455D}.Ad-Hoc|iPhone.ActiveCfg = Release|Any CPU
		{89D424D9-20F2-4356-AD42-7156E837455D}.Ad-Hoc|iPhone.Build.0 = Release|Any CPU
		{89D424D9-20F2-4356-AD42-7156E837455D}.Ad-Hoc|iPhoneSimulator.ActiveCfg = Release|Any CPU
		{89D424D9-20F2-4356-AD42-7156E837455D}.Ad-Hoc|iPhoneSimulator.Build.0 = Release|Any CPU
		{89D424D9-20F2-4356-AD42-7156E837455D}.AppStore|Any CPU.ActiveCfg = Release|Any CPU
		{89D424D9-20F2-4356-AD42-7156E837455D}.AppStore|Any CPU.Build.0 = Release|Any CPU
		{89D424D9-20F2-4356-AD42-7156E837455D}.AppStore|iPhone.ActiveCfg = Release|Any CPU
		{89D424D9-20F2-4356-AD42-7156E837455D}.AppStore|iPhone.Build.0 = Release|Any CPU
		{89D424D9-20F2-4356-AD42-7156E837455D}.AppStore|iPhoneSimulator.ActiveCfg = Release|Any CPU
		{89D424D9-20F2-4356-AD42-7156E837455D}.AppStore|iPhoneSimulator.Build.0 = Release|Any CPU
		{89D424D9-20F2-4356-AD42-7156E837455D}.Debug|Any CPU.ActiveCfg = Debug|Any CPU
		{89D424D9-20F2-4356-AD42-7156E837455D}.Debug|Any CPU.Build.0 = Debug|Any CPU
		{89D424D9-20F2-4356-AD42-7156E837455D}.Debug|iPhone.ActiveCfg = Debug|Any CPU
		{89D424D9-20F2-4356-AD42-7156E837455D}.Debug|iPhone.Build.0 = Debug|Any CPU
		{89D424D9-20F2-4356-AD42-7156E837455D}.Debug|iPhoneSimulator.ActiveCfg = Debug|Any CPU
		{89D424D9-20F2-4356-AD42-7156E837455D}.Debug|iPhoneSimulator.Build.0 = Debug|Any CPU
		{89D424D9-20F2-4356-AD42-7156E837455D}.Release|Any CPU.ActiveCfg = Release|Any CPU
		{89D424D9-20F2-4356-AD42-7156E837455D}.Release|Any CPU.Build.0 = Release|Any CPU
		{89D424D9-20F2-4356-AD42-7156E837455D}.Release|iPhone.ActiveCfg = Release|Any CPU
		{89D424D9-20F2-4356-AD42-7156E837455D}.Release|iPhone.Build.0 = Release|Any CPU
		{89D424D9-20F2-4356-AD42-7156E837455D}.Release|iPhoneSimulator.ActiveCfg = Release|Any CPU
		{89D424D9-20F2-4356-AD42-7156E837455D}.Release|iPhoneSimulator.Build.0 = Release|Any CPU
		{CA7CE05A-2C40-488E-87F4-0B795D92934A}.Ad-Hoc|Any CPU.ActiveCfg = Debug|Any CPU
		{CA7CE05A-2C40-488E-87F4-0B795D92934A}.Ad-Hoc|Any CPU.Build.0 = Debug|Any CPU
		{CA7CE05A-2C40-488E-87F4-0B795D92934A}.Ad-Hoc|iPhone.ActiveCfg = Debug|Any CPU
		{CA7CE05A-2C40-488E-87F4-0B795D92934A}.Ad-Hoc|iPhone.Build.0 = Debug|Any CPU
		{CA7CE05A-2C40-488E-87F4-0B795D92934A}.Ad-Hoc|iPhoneSimulator.ActiveCfg = Debug|Any CPU
		{CA7CE05A-2C40-488E-87F4-0B795D92934A}.Ad-Hoc|iPhoneSimulator.Build.0 = Debug|Any CPU
		{CA7CE05A-2C40-488E-87F4-0B795D92934A}.AppStore|Any CPU.ActiveCfg = Debug|Any CPU
		{CA7CE05A-2C40-488E-87F4-0B795D92934A}.AppStore|Any CPU.Build.0 = Debug|Any CPU
		{CA7CE05A-2C40-488E-87F4-0B795D92934A}.AppStore|iPhone.ActiveCfg = Debug|Any CPU
		{CA7CE05A-2C40-488E-87F4-0B795D92934A}.AppStore|iPhone.Build.0 = Debug|Any CPU
		{CA7CE05A-2C40-488E-87F4-0B795D92934A}.AppStore|iPhoneSimulator.ActiveCfg = Debug|Any CPU
		{CA7CE05A-2C40-488E-87F4-0B795D92934A}.AppStore|iPhoneSimulator.Build.0 = Debug|Any CPU
		{CA7CE05A-2C40-488E-87F4-0B795D92934A}.Debug|Any CPU.ActiveCfg = Debug|Any CPU
		{CA7CE05A-2C40-488E-87F4-0B795D92934A}.Debug|Any CPU.Build.0 = Debug|Any CPU
		{CA7CE05A-2C40-488E-87F4-0B795D92934A}.Debug|iPhone.ActiveCfg = Debug|Any CPU
		{CA7CE05A-2C40-488E-87F4-0B795D92934A}.Debug|iPhone.Build.0 = Debug|Any CPU
		{CA7CE05A-2C40-488E-87F4-0B795D92934A}.Debug|iPhoneSimulator.ActiveCfg = Debug|Any CPU
		{CA7CE05A-2C40-488E-87F4-0B795D92934A}.Debug|iPhoneSimulator.Build.0 = Debug|Any CPU
		{CA7CE05A-2C40-488E-87F4-0B795D92934A}.Release|Any CPU.ActiveCfg = Release|Any CPU
		{CA7CE05A-2C40-488E-87F4-0B795D92934A}.Release|Any CPU.Build.0 = Release|Any CPU
		{CA7CE05A-2C40-488E-87F4-0B795D92934A}.Release|iPhone.ActiveCfg = Release|Any CPU
		{CA7CE05A-2C40-488E-87F4-0B795D92934A}.Release|iPhone.Build.0 = Release|Any CPU
		{CA7CE05A-2C40-488E-87F4-0B795D92934A}.Release|iPhoneSimulator.ActiveCfg = Release|Any CPU
		{CA7CE05A-2C40-488E-87F4-0B795D92934A}.Release|iPhoneSimulator.Build.0 = Release|Any CPU
		{21A022AA-906E-410C-AA01-5DF843FF404D}.Ad-Hoc|Any CPU.ActiveCfg = Release|Any CPU
		{21A022AA-906E-410C-AA01-5DF843FF404D}.Ad-Hoc|Any CPU.Build.0 = Release|Any CPU
		{21A022AA-906E-410C-AA01-5DF843FF404D}.Ad-Hoc|Any CPU.Deploy.0 = Release|Any CPU
		{21A022AA-906E-410C-AA01-5DF843FF404D}.Ad-Hoc|iPhone.ActiveCfg = Release|Any CPU
		{21A022AA-906E-410C-AA01-5DF843FF404D}.Ad-Hoc|iPhone.Build.0 = Release|Any CPU
		{21A022AA-906E-410C-AA01-5DF843FF404D}.Ad-Hoc|iPhone.Deploy.0 = Release|Any CPU
		{21A022AA-906E-410C-AA01-5DF843FF404D}.Ad-Hoc|iPhoneSimulator.ActiveCfg = Release|Any CPU
		{21A022AA-906E-410C-AA01-5DF843FF404D}.Ad-Hoc|iPhoneSimulator.Build.0 = Release|Any CPU
		{21A022AA-906E-410C-AA01-5DF843FF404D}.Ad-Hoc|iPhoneSimulator.Deploy.0 = Release|Any CPU
		{21A022AA-906E-410C-AA01-5DF843FF404D}.AppStore|Any CPU.ActiveCfg = Release|Any CPU
		{21A022AA-906E-410C-AA01-5DF843FF404D}.AppStore|Any CPU.Build.0 = Release|Any CPU
		{21A022AA-906E-410C-AA01-5DF843FF404D}.AppStore|Any CPU.Deploy.0 = Release|Any CPU
		{21A022AA-906E-410C-AA01-5DF843FF404D}.AppStore|iPhone.ActiveCfg = Release|Any CPU
		{21A022AA-906E-410C-AA01-5DF843FF404D}.AppStore|iPhone.Build.0 = Release|Any CPU
		{21A022AA-906E-410C-AA01-5DF843FF404D}.AppStore|iPhone.Deploy.0 = Release|Any CPU
		{21A022AA-906E-410C-AA01-5DF843FF404D}.AppStore|iPhoneSimulator.ActiveCfg = Release|Any CPU
		{21A022AA-906E-410C-AA01-5DF843FF404D}.AppStore|iPhoneSimulator.Build.0 = Release|Any CPU
		{21A022AA-906E-410C-AA01-5DF843FF404D}.AppStore|iPhoneSimulator.Deploy.0 = Release|Any CPU
		{21A022AA-906E-410C-AA01-5DF843FF404D}.Debug|Any CPU.ActiveCfg = Debug|Any CPU
		{21A022AA-906E-410C-AA01-5DF843FF404D}.Debug|Any CPU.Build.0 = Debug|Any CPU
		{21A022AA-906E-410C-AA01-5DF843FF404D}.Debug|Any CPU.Deploy.0 = Debug|Any CPU
		{21A022AA-906E-410C-AA01-5DF843FF404D}.Debug|iPhone.ActiveCfg = Debug|Any CPU
		{21A022AA-906E-410C-AA01-5DF843FF404D}.Debug|iPhone.Build.0 = Debug|Any CPU
		{21A022AA-906E-410C-AA01-5DF843FF404D}.Debug|iPhone.Deploy.0 = Debug|Any CPU
		{21A022AA-906E-410C-AA01-5DF843FF404D}.Debug|iPhoneSimulator.ActiveCfg = Debug|Any CPU
		{21A022AA-906E-410C-AA01-5DF843FF404D}.Debug|iPhoneSimulator.Build.0 = Debug|Any CPU
		{21A022AA-906E-410C-AA01-5DF843FF404D}.Debug|iPhoneSimulator.Deploy.0 = Debug|Any CPU
		{21A022AA-906E-410C-AA01-5DF843FF404D}.Release|Any CPU.ActiveCfg = Release|Any CPU
		{21A022AA-906E-410C-AA01-5DF843FF404D}.Release|Any CPU.Build.0 = Release|Any CPU
		{21A022AA-906E-410C-AA01-5DF843FF404D}.Release|Any CPU.Deploy.0 = Release|Any CPU
		{21A022AA-906E-410C-AA01-5DF843FF404D}.Release|iPhone.ActiveCfg = Release|Any CPU
		{21A022AA-906E-410C-AA01-5DF843FF404D}.Release|iPhone.Build.0 = Release|Any CPU
		{21A022AA-906E-410C-AA01-5DF843FF404D}.Release|iPhone.Deploy.0 = Release|Any CPU
		{21A022AA-906E-410C-AA01-5DF843FF404D}.Release|iPhoneSimulator.ActiveCfg = Release|Any CPU
		{21A022AA-906E-410C-AA01-5DF843FF404D}.Release|iPhoneSimulator.Build.0 = Release|Any CPU
		{21A022AA-906E-410C-AA01-5DF843FF404D}.Release|iPhoneSimulator.Deploy.0 = Release|Any CPU
		{A3D1ED23-9768-47DD-AFCF-CF9E980F376B}.Ad-Hoc|Any CPU.ActiveCfg = Ad-Hoc|iPhone
		{A3D1ED23-9768-47DD-AFCF-CF9E980F376B}.Ad-Hoc|iPhone.ActiveCfg = Ad-Hoc|iPhone
		{A3D1ED23-9768-47DD-AFCF-CF9E980F376B}.Ad-Hoc|iPhone.Build.0 = Ad-Hoc|iPhone
		{A3D1ED23-9768-47DD-AFCF-CF9E980F376B}.Ad-Hoc|iPhoneSimulator.ActiveCfg = Ad-Hoc|iPhoneSimulator
		{A3D1ED23-9768-47DD-AFCF-CF9E980F376B}.Ad-Hoc|iPhoneSimulator.Build.0 = Ad-Hoc|iPhoneSimulator
		{A3D1ED23-9768-47DD-AFCF-CF9E980F376B}.AppStore|Any CPU.ActiveCfg = AppStore|iPhone
		{A3D1ED23-9768-47DD-AFCF-CF9E980F376B}.AppStore|iPhone.ActiveCfg = AppStore|iPhone
		{A3D1ED23-9768-47DD-AFCF-CF9E980F376B}.AppStore|iPhone.Build.0 = AppStore|iPhone
		{A3D1ED23-9768-47DD-AFCF-CF9E980F376B}.AppStore|iPhoneSimulator.ActiveCfg = AppStore|iPhoneSimulator
		{A3D1ED23-9768-47DD-AFCF-CF9E980F376B}.AppStore|iPhoneSimulator.Build.0 = AppStore|iPhoneSimulator
		{A3D1ED23-9768-47DD-AFCF-CF9E980F376B}.Debug|Any CPU.ActiveCfg = Debug|iPhone
		{A3D1ED23-9768-47DD-AFCF-CF9E980F376B}.Debug|iPhone.ActiveCfg = Debug|iPhone
		{A3D1ED23-9768-47DD-AFCF-CF9E980F376B}.Debug|iPhone.Build.0 = Debug|iPhone
		{A3D1ED23-9768-47DD-AFCF-CF9E980F376B}.Debug|iPhoneSimulator.ActiveCfg = Debug|iPhoneSimulator
		{A3D1ED23-9768-47DD-AFCF-CF9E980F376B}.Debug|iPhoneSimulator.Build.0 = Debug|iPhoneSimulator
		{A3D1ED23-9768-47DD-AFCF-CF9E980F376B}.Release|Any CPU.ActiveCfg = Release|iPhone
		{A3D1ED23-9768-47DD-AFCF-CF9E980F376B}.Release|iPhone.ActiveCfg = Release|iPhone
		{A3D1ED23-9768-47DD-AFCF-CF9E980F376B}.Release|iPhone.Build.0 = Release|iPhone
		{A3D1ED23-9768-47DD-AFCF-CF9E980F376B}.Release|iPhoneSimulator.ActiveCfg = Release|iPhoneSimulator
		{A3D1ED23-9768-47DD-AFCF-CF9E980F376B}.Release|iPhoneSimulator.Build.0 = Release|iPhoneSimulator
		{913F59BC-F4AD-43B0-BAB9-FB994F6C02DE}.Ad-Hoc|Any CPU.ActiveCfg = Release|Any CPU
		{913F59BC-F4AD-43B0-BAB9-FB994F6C02DE}.Ad-Hoc|Any CPU.Build.0 = Release|Any CPU
		{913F59BC-F4AD-43B0-BAB9-FB994F6C02DE}.Ad-Hoc|Any CPU.Deploy.0 = Release|Any CPU
		{913F59BC-F4AD-43B0-BAB9-FB994F6C02DE}.Ad-Hoc|iPhone.ActiveCfg = Release|Any CPU
		{913F59BC-F4AD-43B0-BAB9-FB994F6C02DE}.Ad-Hoc|iPhone.Build.0 = Release|Any CPU
		{913F59BC-F4AD-43B0-BAB9-FB994F6C02DE}.Ad-Hoc|iPhone.Deploy.0 = Release|Any CPU
		{913F59BC-F4AD-43B0-BAB9-FB994F6C02DE}.Ad-Hoc|iPhoneSimulator.ActiveCfg = Release|Any CPU
		{913F59BC-F4AD-43B0-BAB9-FB994F6C02DE}.Ad-Hoc|iPhoneSimulator.Build.0 = Release|Any CPU
		{913F59BC-F4AD-43B0-BAB9-FB994F6C02DE}.Ad-Hoc|iPhoneSimulator.Deploy.0 = Release|Any CPU
		{913F59BC-F4AD-43B0-BAB9-FB994F6C02DE}.AppStore|Any CPU.ActiveCfg = Release|Any CPU
		{913F59BC-F4AD-43B0-BAB9-FB994F6C02DE}.AppStore|Any CPU.Build.0 = Release|Any CPU
		{913F59BC-F4AD-43B0-BAB9-FB994F6C02DE}.AppStore|Any CPU.Deploy.0 = Release|Any CPU
		{913F59BC-F4AD-43B0-BAB9-FB994F6C02DE}.AppStore|iPhone.ActiveCfg = Release|Any CPU
		{913F59BC-F4AD-43B0-BAB9-FB994F6C02DE}.AppStore|iPhone.Build.0 = Release|Any CPU
		{913F59BC-F4AD-43B0-BAB9-FB994F6C02DE}.AppStore|iPhone.Deploy.0 = Release|Any CPU
		{913F59BC-F4AD-43B0-BAB9-FB994F6C02DE}.AppStore|iPhoneSimulator.ActiveCfg = Release|Any CPU
		{913F59BC-F4AD-43B0-BAB9-FB994F6C02DE}.AppStore|iPhoneSimulator.Build.0 = Release|Any CPU
		{913F59BC-F4AD-43B0-BAB9-FB994F6C02DE}.AppStore|iPhoneSimulator.Deploy.0 = Release|Any CPU
		{913F59BC-F4AD-43B0-BAB9-FB994F6C02DE}.Debug|Any CPU.ActiveCfg = Debug|Any CPU
		{913F59BC-F4AD-43B0-BAB9-FB994F6C02DE}.Debug|Any CPU.Build.0 = Debug|Any CPU
		{913F59BC-F4AD-43B0-BAB9-FB994F6C02DE}.Debug|Any CPU.Deploy.0 = Debug|Any CPU
		{913F59BC-F4AD-43B0-BAB9-FB994F6C02DE}.Debug|iPhone.ActiveCfg = Debug|Any CPU
		{913F59BC-F4AD-43B0-BAB9-FB994F6C02DE}.Debug|iPhone.Build.0 = Debug|Any CPU
		{913F59BC-F4AD-43B0-BAB9-FB994F6C02DE}.Debug|iPhone.Deploy.0 = Debug|Any CPU
		{913F59BC-F4AD-43B0-BAB9-FB994F6C02DE}.Debug|iPhoneSimulator.ActiveCfg = Debug|Any CPU
		{913F59BC-F4AD-43B0-BAB9-FB994F6C02DE}.Debug|iPhoneSimulator.Build.0 = Debug|Any CPU
		{913F59BC-F4AD-43B0-BAB9-FB994F6C02DE}.Debug|iPhoneSimulator.Deploy.0 = Debug|Any CPU
		{913F59BC-F4AD-43B0-BAB9-FB994F6C02DE}.Release|Any CPU.ActiveCfg = Release|Any CPU
		{913F59BC-F4AD-43B0-BAB9-FB994F6C02DE}.Release|Any CPU.Build.0 = Release|Any CPU
		{913F59BC-F4AD-43B0-BAB9-FB994F6C02DE}.Release|Any CPU.Deploy.0 = Release|Any CPU
		{913F59BC-F4AD-43B0-BAB9-FB994F6C02DE}.Release|iPhone.ActiveCfg = Release|Any CPU
		{913F59BC-F4AD-43B0-BAB9-FB994F6C02DE}.Release|iPhone.Build.0 = Release|Any CPU
		{913F59BC-F4AD-43B0-BAB9-FB994F6C02DE}.Release|iPhone.Deploy.0 = Release|Any CPU
		{913F59BC-F4AD-43B0-BAB9-FB994F6C02DE}.Release|iPhoneSimulator.ActiveCfg = Release|Any CPU
		{913F59BC-F4AD-43B0-BAB9-FB994F6C02DE}.Release|iPhoneSimulator.Build.0 = Release|Any CPU
		{913F59BC-F4AD-43B0-BAB9-FB994F6C02DE}.Release|iPhoneSimulator.Deploy.0 = Release|Any CPU
		{A3A45688-8E3B-4CF3-86D9-2790CEE97C42}.Ad-Hoc|Any CPU.ActiveCfg = Release|iPhone
		{A3A45688-8E3B-4CF3-86D9-2790CEE97C42}.Ad-Hoc|Any CPU.Build.0 = Release|iPhone
		{A3A45688-8E3B-4CF3-86D9-2790CEE97C42}.Ad-Hoc|iPhone.ActiveCfg = Release|iPhone
		{A3A45688-8E3B-4CF3-86D9-2790CEE97C42}.Ad-Hoc|iPhone.Build.0 = Release|iPhone
		{A3A45688-8E3B-4CF3-86D9-2790CEE97C42}.Ad-Hoc|iPhoneSimulator.ActiveCfg = Release|iPhoneSimulator
		{A3A45688-8E3B-4CF3-86D9-2790CEE97C42}.Ad-Hoc|iPhoneSimulator.Build.0 = Release|iPhoneSimulator
		{A3A45688-8E3B-4CF3-86D9-2790CEE97C42}.AppStore|Any CPU.ActiveCfg = Release|iPhone
		{A3A45688-8E3B-4CF3-86D9-2790CEE97C42}.AppStore|Any CPU.Build.0 = Release|iPhone
		{A3A45688-8E3B-4CF3-86D9-2790CEE97C42}.AppStore|iPhone.ActiveCfg = Release|iPhone
		{A3A45688-8E3B-4CF3-86D9-2790CEE97C42}.AppStore|iPhone.Build.0 = Release|iPhone
		{A3A45688-8E3B-4CF3-86D9-2790CEE97C42}.AppStore|iPhoneSimulator.ActiveCfg = Release|iPhoneSimulator
		{A3A45688-8E3B-4CF3-86D9-2790CEE97C42}.AppStore|iPhoneSimulator.Build.0 = Release|iPhoneSimulator
		{A3A45688-8E3B-4CF3-86D9-2790CEE97C42}.Debug|Any CPU.ActiveCfg = Debug|iPhone
		{A3A45688-8E3B-4CF3-86D9-2790CEE97C42}.Debug|iPhone.ActiveCfg = Debug|iPhone
		{A3A45688-8E3B-4CF3-86D9-2790CEE97C42}.Debug|iPhone.Build.0 = Debug|iPhone
		{A3A45688-8E3B-4CF3-86D9-2790CEE97C42}.Debug|iPhoneSimulator.ActiveCfg = Debug|iPhoneSimulator
		{A3A45688-8E3B-4CF3-86D9-2790CEE97C42}.Debug|iPhoneSimulator.Build.0 = Debug|iPhoneSimulator
		{A3A45688-8E3B-4CF3-86D9-2790CEE97C42}.Release|Any CPU.ActiveCfg = Release|iPhone
		{A3A45688-8E3B-4CF3-86D9-2790CEE97C42}.Release|iPhone.ActiveCfg = Release|iPhone
		{A3A45688-8E3B-4CF3-86D9-2790CEE97C42}.Release|iPhone.Build.0 = Release|iPhone
		{A3A45688-8E3B-4CF3-86D9-2790CEE97C42}.Release|iPhoneSimulator.ActiveCfg = Release|iPhoneSimulator
		{A3A45688-8E3B-4CF3-86D9-2790CEE97C42}.Release|iPhoneSimulator.Build.0 = Release|iPhoneSimulator
	EndGlobalSection
	GlobalSection(SolutionProperties) = preSolution
		HideSolutionNode = FALSE
	EndGlobalSection
	GlobalSection(ExtensibilityGlobals) = postSolution
		SolutionGuid = {108EC787-B9EE-4642-9E01-FB205BFEDED2}
	EndGlobalSection
EndGlobal
